{
  "name": "lisa.dpm.js",
  "version": "1.0.0",
  "lockfileVersion": 1,
  "requires": true,
  "dependencies": {
    "@xmcl/unzip": {
      "version": "1.2.0",
      "resolved": "https://registry.npmjs.org/@xmcl/unzip/-/unzip-1.2.0.tgz",
      "integrity": "sha512-g01LQ7bA+lMvp4Jt2xwSwP3h3uqaDDruVWgpjyIW/jsWBIfAk/Q20Zazy/J5uU793wpWUHMFpfzOHn7zhTv2Ag==",
      "requires": {
        "yauzl": "^2.10.0"
      }
    },
    "buffer-crc32": {
      "version": "0.2.13",
      "resolved": "https://registry.npmjs.org/buffer-crc32/-/buffer-crc32-0.2.13.tgz",
      "integrity": "sha1-DTM+PwDqxQqhRUq9MO+MKl2ackI="
    },
    "fd-slicer": {
      "version": "1.1.0",
      "resolved": "https://registry.npmjs.org/fd-slicer/-/fd-slicer-1.1.0.tgz",
      "integrity": "sha1-JcfInLH5B3+IkbvmHY85Dq4lbx4=",
      "requires": {
        "pend": "~1.2.0"
      }
    },
    "pend": {
      "version": "1.2.0",
      "resolved": "https://registry.npmjs.org/pend/-/pend-1.2.0.tgz",
      "integrity": "sha1-elfrVQpng/kRUzH89GY9XI4AelA="
    },
    "readdirrec": {
      "version": "2.3.1",
      "resolved": "https://registry.npmjs.org/readdirrec/-/readdirrec-2.3.1.tgz",
      "integrity": "sha512-NVt1o1XkoHYEm4/qGgHYbM8fnaAa+dNGN2G6IeCCuUhC8SFeL7rbv8VVltxxltS23b2UCM+2Mh+QPiLQ+Rxj7Q=="
    },
    "yauzl": {
      "version": "2.10.0",
      "resolved": "https://registry.npmjs.org/yauzl/-/yauzl-2.10.0.tgz",
      "integrity": "sha1-x+sXyT4RLLEIb6bY5R+wZnt5pfk=",
      "requires": {
        "buffer-crc32": "~0.2.3",
        "fd-slicer": "~1.1.0"
      }
    },
    "yazl": {
      "version": "2.5.1",
      "resolved": "https://registry.npmjs.org/yazl/-/yazl-2.5.1.tgz",
      "integrity": "sha512-phENi2PLiHnHb6QBVot+dJnaAZ0xosj7p3fWl+znIjBDlnMI2PsZCJZ306BPTFOaHf5qdDEI8x5qFrSOBN5vrw==",
      "requires": {
        "buffer-crc32": "~0.2.3"
      }
    },
    "zfolder": {
      "version": "1.1.2",
      "resolved": "https://registry.npmjs.org/zfolder/-/zfolder-1.1.2.tgz",
      "integrity": "sha512-lhbT2cSVqAiBao47C8jZcaMQsOh8B4xr01+dnZLmDawRTGO2V6oOp2oeT+yadgU/km0QbLeLXlUEWV0rXPnFcQ==",
      "requires": {
        "readdirrec": "2.3.1",
        "yazl": "2.5.1"
      }
    }
  }
}
